PODS:
  - Nimble (7.3.4)
  - Quick (1.2.0)
  - REIShopKit (0.1.0)

DEPENDENCIES:
  - Nimble (~> 7.0)
  - Quick (~> 1.2.0)
  - REIShopKit (from `../`)

SPEC REPOS:
  https://github.com/cocoapods/specs.git:
    - Nimble
    - Quick

EXTERNAL SOURCES:
  REIShopKit:
    :path: "../"

SPEC CHECKSUMS:
  Nimble: 051e3d8912d40138fa5591c78594f95fb172af37
  Quick: 58d203b1c5e27fff7229c4c1ae445ad7069a7a08
  REIShopKit: 90b4b69ad3e6d6172343a13f2cc9e57624985cf1

PODFILE CHECKSUM: e82eb6273eeb2fba42a6ab1102e374aa3414b8ee

COCOAPODS: 1.7.4
